{
  "version": 4,
  "terraform_version": "1.3.7",
  "serial": 8,
  "lineage": "0c2d11b3-f76f-d9b8-7e45-70d4af876b4c",
  "outputs": {},
  "resources": [
    {
      "mode": "data",
      "type": "digitalocean_ssh_key",
      "name": "mykey",
      "provider": "provider[\"registry.terraform.io/digitalocean/digitalocean\"]",
      "instances": [
        {
          "schema_version": 0,
          "attributes": {
            "fingerprint": "84:99:b7:cc:ba:b8:7c:5d:bf:5b:41:62:2a:9d:da:d7",
            "id": 37364738,
            "name": "mykey",
            "public_key": "ssh-rsa AAAAB3NzaC1yc2EAAAADAQABAAABAQDMnVbzBuJ/xW+zupgoXt/b0cGjyW01yVQNQ5w5i5sJ4TPCc9lMgZywDsl433ZenpYiZWWnyiDFo2n9bqxc0gZbY+mE7O3kzCo+8pnd2fsTghwDmS8DM7HynzaF23bvm1t0NXXr/nRiKlRz6Rbggo5Lc1Y95Wjx3Wl4DtlH4UxxkKAGhHMXnIX6dMJCUiGM4jzuu5+mdwLl7398jbrGZHjjAymPMjuyNB5e9b9PO78qahN4v1nE2Ezz4J13hzlFFX6ajRFtPicNL7RrCADNkWsyp4ZbV9SzRvoWzsaA9eF6Va4jeesUEtYpNYMUbifjjxvftcXyH7tLNXJKlDZaTwT5 gustavo@gustavo-Dell-G15-5520"
          },
          "sensitive_attributes": []
        }
      ]
    },
    {
      "mode": "managed",
      "type": "digitalocean_droplet",
      "name": "jenkins",
      "provider": "provider[\"registry.terraform.io/digitalocean/digitalocean\"]",
      "instances": [
        {
          "schema_version": 1,
          "attributes": {
            "backups": false,
            "created_at": "2023-01-26T19:49:55Z",
            "disk": 60,
            "droplet_agent": null,
            "graceful_shutdown": false,
            "id": "337704950",
            "image": "ubuntu-22-04-x64",
            "ipv4_address": "159.89.49.94",
            "ipv4_address_private": "10.116.0.2",
            "ipv6": false,
            "ipv6_address": "",
            "locked": false,
            "memory": 2048,
            "monitoring": false,
            "name": "jenkinsVm",
            "price_hourly": 0.02679,
            "price_monthly": 18,
            "private_networking": true,
            "region": "nyc1",
            "resize_disk": true,
            "size": "s-2vcpu-2gb",
            "ssh_keys": [
              "37364738"
            ],
            "status": "active",
            "tags": null,
            "timeouts": null,
            "urn": "do:droplet:337704950",
            "user_data": null,
            "vcpus": 2,
            "volume_ids": [],
            "vpc_uuid": "30c6fc6f-8085-43e5-afa5-17d10c2c5a5b"
          },
          "sensitive_attributes": [],
          "private": "eyJlMmJmYjczMC1lY2FhLTExZTYtOGY4OC0zNDM2M2JjN2M0YzAiOnsiY3JlYXRlIjozNjAwMDAwMDAwMDAwLCJkZWxldGUiOjYwMDAwMDAwMDAwLCJ1cGRhdGUiOjM2MDAwMDAwMDAwMDB9LCJzY2hlbWFfdmVyc2lvbiI6IjEifQ==",
          "dependencies": [
            "data.digitalocean_ssh_key.mykey"
          ]
        }
      ]
    }
  ],
  "check_results": null
}
